
Microsoft Visual Studio Solution File, Format Version 12.00
# Visual Studio 15
Project("{FAE04EC0-301F-11D3-BF4B-00C04F79EFBC}") = "Assembly-CSharp", "Assembly-CSharp.csproj", "{B52E15EE-1E6F-7DF1-5878-76D216D12CC3}"
EndProject
Global
	GlobalSection(SolutionConfigurationPlatforms) = preSolution
		Debug|Any CPU = Debug|Any CPU
		Release|Any CPU = Release|Any CPU
	EndGlobalSection
	GlobalSection(ProjectConfigurationPlatforms) = postSolution
		{B52E15EE-1E6F-7DF1-5878-76D216D12CC3}.Debug|Any CPU.ActiveCfg = Debug|Any CPU
		{B52E15EE-1E6F-7DF1-5878-76D216D12CC3}.Debug|Any CPU.Build.0 = Debug|Any CPU
		{B52E15EE-1E6F-7DF1-5878-76D216D12CC3}.Release|Any CPU.ActiveCfg = Release|Any CPU
		{B52E15EE-1E6F-7DF1-5878-76D216D12CC3}.Release|Any CPU.Build.0 = Release|Any CPU
	EndGlobalSection
	GlobalSection(SolutionProperties) = preSolution
		HideSolutionNode = FALSE
	EndGlobalSection
EndGlobal
